
Microsoft Visual Studio Solution File, Format Version 12.00
# Visual Studio Version 17
VisualStudioVersion = 17.0.32112.339
MinimumVisualStudioVersion = 10.0.40219.1
Project("{FAE04EC0-301F-11D3-BF4B-00C04F79EFBC}") = "WpfApp2", "WpfApp2\WpfApp2.csproj", "{D7E60D98-1A68-4687-9702-AF63AA097926}"
EndProject
Global
	GlobalSection(SolutionConfigurationPlatforms) = preSolution
		Debug|Any CPU = Debug|Any CPU
		Release|Any CPU = Release|Any CPU
	EndGlobalSection
	GlobalSection(ProjectConfigurationPlatforms) = postSolution
		{D7E60D98-1A68-4687-9702-AF63AA097926}.Debug|Any CPU.ActiveCfg = Debug|Any CPU
		{D7E60D98-1A68-4687-9702-AF63AA097926}.Debug|Any CPU.Build.0 = Debug|Any CPU
		{D7E60D98-1A68-4687-9702-AF63AA097926}.Release|Any CPU.ActiveCfg = Release|Any CPU
		{D7E60D98-1A68-4687-9702-AF63AA097926}.Release|Any CPU.Build.0 = Release|Any CPU
	EndGlobalSection
	GlobalSection(SolutionProperties) = preSolution
		HideSolutionNode = FALSE
	EndGlobalSection
	GlobalSection(ExtensibilityGlobals) = postSolution
		SolutionGuid = {43E7F986-08AC-4948-8923-88C8EE014E44}
	EndGlobalSection
EndGlobal
